
Microsoft Visual Studio Solution File, Format Version 12.00
# Visual Studio Version 17
VisualStudioVersion = 17.9.34616.47
MinimumVisualStudioVersion = 10.0.40219.1
Project("{888888A0-9F3D-457C-B088-3A5042F75D52}") = "xai", "xai.pyproj", "{CBB017E5-889D-4F95-94BA-5AA440F673C1}"
EndProject
Global
	GlobalSection(SolutionConfigurationPlatforms) = preSolution
		Debug|Any CPU = Debug|Any CPU
		Release|Any CPU = Release|Any CPU
	EndGlobalSection
	GlobalSection(ProjectConfigurationPlatforms) = postSolution
		{CBB017E5-889D-4F95-94BA-5AA440F673C1}.Debug|Any CPU.ActiveCfg = Debug|Any CPU
		{CBB017E5-889D-4F95-94BA-5AA440F673C1}.Release|Any CPU.ActiveCfg = Release|Any CPU
	EndGlobalSection
	GlobalSection(SolutionProperties) = preSolution
		HideSolutionNode = FALSE
	EndGlobalSection
	GlobalSection(ExtensibilityGlobals) = postSolution
		SolutionGuid = {8F1D931D-0E87-41C1-B851-33C41CBE58A9}
	EndGlobalSection
EndGlobal
